
Microsoft Visual Studio Solution File, Format Version 12.00
# Visual Studio Version 17
VisualStudioVersion = 17.12.35527.113
MinimumVisualStudioVersion = 10.0.40219.1
Project("{8BC9CEB8-8B4A-11D0-8D11-00A0C91BC942}") = "eigenProj", "cppMlp.vcxproj", "{3E8B0F12-F7A4-4B4F-8364-9A19FB340F7B}"
EndProject
Project("{8BC9CEB8-8B4A-11D0-8D11-00A0C91BC942}") = "openBlasProj", "openBlasProj\openBlasProj.vcxproj", "{4098E745-17D1-44B0-ADCB-5F07CE338CC4}"
EndProject
Project("{8BC9CEB8-8B4A-11D0-8D11-00A0C91BC942}") = "cuBlasProj", "cuBlasProj\cuBlasProj.vcxproj", "{3139A00C-946A-4CBD-A64A-62A596A02937}"
EndProject
Project("{8BC9CEB8-8B4A-11D0-8D11-00A0C91BC942}") = "scratchpadproject", "D:\prog-scratchpad\scratchpadproject\scratchpadproject.vcxproj", "{EAFB1AA0-16ED-4FD4-82AD-AB9BC2121051}"
EndProject
Global
	GlobalSection(SolutionConfigurationPlatforms) = preSolution
		Debug|x64 = Debug|x64
		Debug|x86 = Debug|x86
		Release|x64 = Release|x64
		Release|x86 = Release|x86
	EndGlobalSection
	GlobalSection(ProjectConfigurationPlatforms) = postSolution
		{3E8B0F12-F7A4-4B4F-8364-9A19FB340F7B}.Debug|x64.ActiveCfg = Debug|x64
		{3E8B0F12-F7A4-4B4F-8364-9A19FB340F7B}.Debug|x64.Build.0 = Debug|x64
		{3E8B0F12-F7A4-4B4F-8364-9A19FB340F7B}.Debug|x86.ActiveCfg = Debug|Win32
		{3E8B0F12-F7A4-4B4F-8364-9A19FB340F7B}.Debug|x86.Build.0 = Debug|Win32
		{3E8B0F12-F7A4-4B4F-8364-9A19FB340F7B}.Release|x64.ActiveCfg = Release|x64
		{3E8B0F12-F7A4-4B4F-8364-9A19FB340F7B}.Release|x64.Build.0 = Release|x64
		{3E8B0F12-F7A4-4B4F-8364-9A19FB340F7B}.Release|x86.ActiveCfg = Release|Win32
		{3E8B0F12-F7A4-4B4F-8364-9A19FB340F7B}.Release|x86.Build.0 = Release|Win32
		{4098E745-17D1-44B0-ADCB-5F07CE338CC4}.Debug|x64.ActiveCfg = Debug|x64
		{4098E745-17D1-44B0-ADCB-5F07CE338CC4}.Debug|x64.Build.0 = Debug|x64
		{4098E745-17D1-44B0-ADCB-5F07CE338CC4}.Debug|x86.ActiveCfg = Debug|Win32
		{4098E745-17D1-44B0-ADCB-5F07CE338CC4}.Debug|x86.Build.0 = Debug|Win32
		{4098E745-17D1-44B0-ADCB-5F07CE338CC4}.Release|x64.ActiveCfg = Release|x64
		{4098E745-17D1-44B0-ADCB-5F07CE338CC4}.Release|x64.Build.0 = Release|x64
		{4098E745-17D1-44B0-ADCB-5F07CE338CC4}.Release|x86.ActiveCfg = Release|Win32
		{4098E745-17D1-44B0-ADCB-5F07CE338CC4}.Release|x86.Build.0 = Release|Win32
		{3139A00C-946A-4CBD-A64A-62A596A02937}.Debug|x64.ActiveCfg = Debug|x64
		{3139A00C-946A-4CBD-A64A-62A596A02937}.Debug|x64.Build.0 = Debug|x64
		{3139A00C-946A-4CBD-A64A-62A596A02937}.Debug|x86.ActiveCfg = Debug|x64
		{3139A00C-946A-4CBD-A64A-62A596A02937}.Debug|x86.Build.0 = Debug|x64
		{3139A00C-946A-4CBD-A64A-62A596A02937}.Release|x64.ActiveCfg = Release|x64
		{3139A00C-946A-4CBD-A64A-62A596A02937}.Release|x64.Build.0 = Release|x64
		{3139A00C-946A-4CBD-A64A-62A596A02937}.Release|x86.ActiveCfg = Release|x64
		{3139A00C-946A-4CBD-A64A-62A596A02937}.Release|x86.Build.0 = Release|x64
		{EAFB1AA0-16ED-4FD4-82AD-AB9BC2121051}.Debug|x64.ActiveCfg = Debug|x64
		{EAFB1AA0-16ED-4FD4-82AD-AB9BC2121051}.Debug|x64.Build.0 = Debug|x64
		{EAFB1AA0-16ED-4FD4-82AD-AB9BC2121051}.Debug|x86.ActiveCfg = Debug|x64
		{EAFB1AA0-16ED-4FD4-82AD-AB9BC2121051}.Debug|x86.Build.0 = Debug|x64
		{EAFB1AA0-16ED-4FD4-82AD-AB9BC2121051}.Release|x64.ActiveCfg = Release|x64
		{EAFB1AA0-16ED-4FD4-82AD-AB9BC2121051}.Release|x64.Build.0 = Release|x64
		{EAFB1AA0-16ED-4FD4-82AD-AB9BC2121051}.Release|x86.ActiveCfg = Release|x64
		{EAFB1AA0-16ED-4FD4-82AD-AB9BC2121051}.Release|x86.Build.0 = Release|x64
	EndGlobalSection
	GlobalSection(SolutionProperties) = preSolution
		HideSolutionNode = FALSE
	EndGlobalSection
EndGlobal
